
Microsoft Visual Studio Solution File, Format Version 12.00
# Visual Studio 2013
VisualStudioVersion = 12.0.21005.1
MinimumVisualStudioVersion = 10.0.40219.1
Project("{8BC9CEB8-8B4A-11D0-8D11-00A0C91BC942}") = "ControlMFC2", "ControlMFC2\ControlMFC2.vcxproj", "{EDD10EE9-9DD2-4132-AF82-4DEFC81CCC44}"
EndProject
Global
	GlobalSection(SolutionConfigurationPlatforms) = preSolution
		Debug|Win32 = Debug|Win32
		debug2|Win32 = debug2|Win32
		Release|Win32 = Release|Win32
	EndGlobalSection
	GlobalSection(ProjectConfigurationPlatforms) = postSolution
		{EDD10EE9-9DD2-4132-AF82-4DEFC81CCC44}.Debug|Win32.ActiveCfg = Debug|Win32
		{EDD10EE9-9DD2-4132-AF82-4DEFC81CCC44}.Debug|Win32.Build.0 = Debug|Win32
		{EDD10EE9-9DD2-4132-AF82-4DEFC81CCC44}.debug2|Win32.ActiveCfg = debug2|Win32
		{EDD10EE9-9DD2-4132-AF82-4DEFC81CCC44}.debug2|Win32.Build.0 = debug2|Win32
		{EDD10EE9-9DD2-4132-AF82-4DEFC81CCC44}.Release|Win32.ActiveCfg = Release|Win32
		{EDD10EE9-9DD2-4132-AF82-4DEFC81CCC44}.Release|Win32.Build.0 = Release|Win32
		{EDD10EE9-9DD2-4132-AF82-4DEFC81CCC44}.Release|Win32.Deploy.0 = Release|Win32
	EndGlobalSection
	GlobalSection(SolutionProperties) = preSolution
		HideSolutionNode = FALSE
	EndGlobalSection
EndGlobal
